{
  "lockfile_version": "1",
  "packages": {
    "google-cloud-sdk@latest": {
      "last_modified": "2024-02-10T18:15:24Z",
      "resolved": "github:NixOS/nixpkgs/10b813040df67c4039086db0f6eaf65c536886c6#google-cloud-sdk",
      "source": "devbox-search",
      "version": "452.0.1",
      "systems": {
        "aarch64-darwin": {
          "store_path": "/nix/store/pkzzdjq0fkwzbbha3mxaws1n01bqnp4y-google-cloud-sdk-452.0.1"
        },
        "aarch64-linux": {
          "store_path": "/nix/store/8lb2hskf8hfzzqy8zp4ryq2dlr9s8ix8-google-cloud-sdk-452.0.1"
        },
        "x86_64-darwin": {
          "store_path": "/nix/store/2zzlbkmcj1wp82lrwg3nsgpbg6wwpmwx-google-cloud-sdk-452.0.1"
        },
        "x86_64-linux": {
          "store_path": "/nix/store/kj3dpg4k91kk1fw5a9yyb91h0yvxrchj-google-cloud-sdk-452.0.1"
        }
      }
    },
    "linode-cli@latest": {
      "last_modified": "2024-02-10T18:15:24Z",
      "resolved": "github:NixOS/nixpkgs/10b813040df67c4039086db0f6eaf65c536886c6#linode-cli",
      "source": "devbox-search",
      "version": "5.45.0",
      "systems": {
        "aarch64-darwin": {
          "store_path": "/nix/store/vcsyjyx095194rlb28a3dyk6h790bzsk-linode-cli-5.45.0"
        },
        "aarch64-linux": {
          "store_path": "/nix/store/ajb5z449spidrys4wgqw4rhmir0adb2n-linode-cli-5.45.0"
        },
        "x86_64-darwin": {
          "store_path": "/nix/store/s17n0fafqdb1z9r49kldvxj6ll18n667-linode-cli-5.45.0"
        },
        "x86_64-linux": {
          "store_path": "/nix/store/fy5brl01axmab868ik2dmlgr99var25k-linode-cli-5.45.0"
        }
      }
    },
    "terraform@latest": {
      "last_modified": "2024-02-15T12:53:33Z",
      "resolved": "github:NixOS/nixpkgs/085589047343aad800c4d305cf7b98e8a3d51ae2#terraform",
      "source": "devbox-search",
      "version": "1.7.3"
    }
  }
}
